github.com/72sevenzy2/http-router v0.0.0-20260408100213-31e7783ceb25 h1:N5UsYiKbVSFFwN7UHn/A7EYLBAf8UsA5wWTcg2iDzwQ=
github.com/72sevenzy2/http-router v0.0.0-20260408100213-31e7783ceb25/go.mod h1:X6ybRlWUeTu5VueRO/o467g36MHDkpOxBH9f8wzdoK4=
github.com/go-chi/chi/v5 v5.2.5 h1:Eg4myHZBjyvJmAFjFvWgrqDTXFyOzjj7YIm3L3mu6Ug=
github.com/go-chi/chi/v5 v5.2.5/go.mod h1:X7Gx4mteadT3eDOMTsXzmI4/rwUpOwBHLpAfupzFJP0=
